
Microsoft Visual Studio Solution File, Format Version 12.00
# Visual Studio Version 17
VisualStudioVersion = 17.11.35327.3
MinimumVisualStudioVersion = 10.0.40219.1
Project("{FAE04EC0-301F-11D3-BF4B-00C04F79EFBC}") = "ShopMaster.Web", "ShopMaster.Web\ShopMaster.Web.csproj", "{1B68C0BA-CFC5-444F-A8B6-FB109C6DD562}"
EndProject
Global
	GlobalSection(SolutionConfigurationPlatforms) = preSolution
		Debug|Any CPU = Debug|Any CPU
		Release|Any CPU = Release|Any CPU
	EndGlobalSection
	GlobalSection(ProjectConfigurationPlatforms) = postSolution
		{1B68C0BA-CFC5-444F-A8B6-FB109C6DD562}.Debug|Any CPU.ActiveCfg = Debug|Any CPU
		{1B68C0BA-CFC5-444F-A8B6-FB109C6DD562}.Debug|Any CPU.Build.0 = Debug|Any CPU
		{1B68C0BA-CFC5-444F-A8B6-FB109C6DD562}.Release|Any CPU.ActiveCfg = Release|Any CPU
		{1B68C0BA-CFC5-444F-A8B6-FB109C6DD562}.Release|Any CPU.Build.0 = Release|Any CPU
	EndGlobalSection
	GlobalSection(SolutionProperties) = preSolution
		HideSolutionNode = FALSE
	EndGlobalSection
	GlobalSection(ExtensibilityGlobals) = postSolution
		SolutionGuid = {BE4353AB-7FEB-4576-BE14-2DA26C9C2E36}
	EndGlobalSection
EndGlobal
